
Microsoft Visual Studio Solution File, Format Version 12.00
# Visual Studio Version 17
VisualStudioVersion = 17.14.36705.20 d17.14
MinimumVisualStudioVersion = 10.0.40219.1
Project("{FAE04EC0-301F-11D3-BF4B-00C04F79EFBC}") = "oop-assignment-1-2025-76907", "oop-assignment-1-2025-76907\oop-assignment-1-2025-76907.csproj", "{2D2B59F8-189D-478D-80B7-2EA84D6E7938}"
EndProject
Project("{FAE04EC0-301F-11D3-BF4B-00C04F79EFBC}") = "Rental.test", "Rental.test\Rental.test.csproj", "{D7B82C8F-A815-47F8-91F5-69D40F4FEB4F}"
EndProject
Global
	GlobalSection(SolutionConfigurationPlatforms) = preSolution
		Debug|Any CPU = Debug|Any CPU
		Release|Any CPU = Release|Any CPU
	EndGlobalSection
	GlobalSection(ProjectConfigurationPlatforms) = postSolution
		{2D2B59F8-189D-478D-80B7-2EA84D6E7938}.Debug|Any CPU.ActiveCfg = Debug|Any CPU
		{2D2B59F8-189D-478D-80B7-2EA84D6E7938}.Debug|Any CPU.Build.0 = Debug|Any CPU
		{2D2B59F8-189D-478D-80B7-2EA84D6E7938}.Release|Any CPU.ActiveCfg = Release|Any CPU
		{2D2B59F8-189D-478D-80B7-2EA84D6E7938}.Release|Any CPU.Build.0 = Release|Any CPU
		{D7B82C8F-A815-47F8-91F5-69D40F4FEB4F}.Debug|Any CPU.ActiveCfg = Debug|Any CPU
		{D7B82C8F-A815-47F8-91F5-69D40F4FEB4F}.Debug|Any CPU.Build.0 = Debug|Any CPU
		{D7B82C8F-A815-47F8-91F5-69D40F4FEB4F}.Release|Any CPU.ActiveCfg = Release|Any CPU
		{D7B82C8F-A815-47F8-91F5-69D40F4FEB4F}.Release|Any CPU.Build.0 = Release|Any CPU
	EndGlobalSection
	GlobalSection(SolutionProperties) = preSolution
		HideSolutionNode = FALSE
	EndGlobalSection
	GlobalSection(ExtensibilityGlobals) = postSolution
		SolutionGuid = {F451CFAB-33DC-4572-A63F-E4ECF58D9CAE}
	EndGlobalSection
EndGlobal
